
Microsoft Visual Studio Solution File, Format Version 12.00
# Visual Studio Version 17
VisualStudioVersion = 17.3.32811.315
MinimumVisualStudioVersion = 10.0.40219.1
Project("{FAE04EC0-301F-11D3-BF4B-00C04F79EFBC}") = "ned-task", "ned-task\ned-task.csproj", "{5B216078-9858-4AD1-90CA-B5DB8D6D35E4}"
EndProject
Global
	GlobalSection(SolutionConfigurationPlatforms) = preSolution
		Debug|Any CPU = Debug|Any CPU
		Release|Any CPU = Release|Any CPU
	EndGlobalSection
	GlobalSection(ProjectConfigurationPlatforms) = postSolution
		{5B216078-9858-4AD1-90CA-B5DB8D6D35E4}.Debug|Any CPU.ActiveCfg = Debug|Any CPU
		{5B216078-9858-4AD1-90CA-B5DB8D6D35E4}.Debug|Any CPU.Build.0 = Debug|Any CPU
		{5B216078-9858-4AD1-90CA-B5DB8D6D35E4}.Release|Any CPU.ActiveCfg = Release|Any CPU
		{5B216078-9858-4AD1-90CA-B5DB8D6D35E4}.Release|Any CPU.Build.0 = Release|Any CPU
	EndGlobalSection
	GlobalSection(SolutionProperties) = preSolution
		HideSolutionNode = FALSE
	EndGlobalSection
	GlobalSection(ExtensibilityGlobals) = postSolution
		SolutionGuid = {5C11499A-C35C-4956-8EC0-D107CC88897D}
	EndGlobalSection
EndGlobal
